hash: 1af632fb8d7140718aae4725d3557c6a760f69c960112db66db6c2348487a969
updated: 2016-07-19T07:30:25.069840586+02:00
imports:
- name: github.com/elastic/beats
  version: e849e45f713a6112145ac8309fc23bd69bc41ef8
  subpackages:
  - libbeat/beat
  - libbeat/cfgfile
  - libbeat/logp
  - libbeat/publisher
  - libbeat/common
  - libbeat/outputs
  - libbeat/service
  - libbeat/outputs/console
  - libbeat/outputs/elasticsearch
  - libbeat/outputs/fileout
  - libbeat/outputs/logstash
  - libbeat/outputs/redis
  - libbeat/outputs/mode
- name: github.com/garyburd/redigo
  version: b8dc90050f24c1a73a52f107f3f575be67b21b7c
  subpackages:
  - redis
  - internal
- name: github.com/nranchev/go-libGeoIP
  version: c78e8bd2dd3599feb21fd30886043979e82fe948
- name: github.com/robfig/cron
  version: b024fc5ea0e34bc3f83d9941c8d60b0622bfaca4
- name: golang.org/x/sys
  version: a646d33e2ee3172a661fc09bca23bb4889a41bc8
  subpackages:
  - windows/svc
  - windows/svc/debug
  - windows
- name: gopkg.in/yaml.v2
  version: e4d366fc3c7938e2958e662b4258c7a89e1f0e3e
testImports:
- name: github.com/davecgh/go-spew
  version: 5215b55f46b2b919f50a1df0eaa5886afe4e3b3d
  subpackages:
  - spew
- name: github.com/pmezard/go-difflib
  version: d8ed2627bdf02c080bf22230dbb337003b7aba2d
  subpackages:
  - difflib
- name: github.com/stretchr/testify
  version: d77da356e56a7428ad25149ca77381849a6a5232
  subpackages:
  - assert
